PODS:
  - Action (3.5.0):
    - RxCocoa (~> 4.0)
    - RxSwift (~> 4.0)
  - Kingfisher (4.7.0)
  - Realm (3.3.2):
    - Realm/Headers (= 3.3.2)
  - Realm/Headers (3.3.2)
  - RealmSwift (3.3.2):
    - Realm (= 3.3.2)
  - RxCocoa (4.1.2):
    - RxSwift (~> 4.0)
  - RxRealm (0.7.5):
    - RealmSwift (~> 3.0)
    - RxSwift (~> 4.0)
  - RxSwift (4.1.2)
  - RxSwiftExt (3.2.0):
    - RxSwiftExt/Core (= 3.2.0)
  - RxSwiftExt/Core (3.2.0):
    - RxSwift (~> 4.0)
  - SnapKit (4.0.0)

DEPENDENCIES:
  - Action
  - Kingfisher
  - RealmSwift
  - RxRealm
  - RxSwift
  - RxSwiftExt
  - SnapKit (~> 4.0.0)

SPEC CHECKSUMS:
  Action: d60087ebce41b969d1afdad01e2fa1372a82f26e
  Kingfisher: da6b005aa96d37698e3e4f1ccfe96a5b9bbf27d6
  Realm: d927fbf66df5532cfafc08afb5f7e53ded37b894
  RealmSwift: 4e903a494e05d866581d69ad6f7e7b879d446baf
  RxCocoa: d88ba0f1f6abf040011a9eb4b539324fc426843a
  RxRealm: a6c6c0a07cb61f34209969ca6657734edfdfff30
  RxSwift: e49536837d9901277638493ea537394d4b55f570
  RxSwiftExt: 64b7140124629a6a084159735f3714f0fb1c61d6
  SnapKit: a42d492c16e80209130a3379f73596c3454b7694

PODFILE CHECKSUM: edcea3914f3feae7cccc5ee22c1d413ac4f01d12

COCOAPODS: 1.4.0
